PODS:
  - SQLite.swift (0.13.0):
    - SQLite.swift/standard (= 0.13.0)
  - SQLite.swift/standard (0.13.0)

DEPENDENCIES:
  - SQLite.swift (~> 0.13.0)

SPEC REPOS:
  trunk:
    - SQLite.swift

SPEC CHECKSUMS:
  SQLite.swift: 8add701609fd0ef78d097dcc75d20a9782e6f5fc

PODFILE CHECKSUM: 8a49f65239a2976d2b94b687b7144b83dceab7df

COCOAPODS: 1.11.2
