// !$*UTF8*$!
{
	archiveVersion = 1;
	classes = {
	};
	objectVersion = 50;
	objects = {

/* Begin PBXBuildFile section */
		C5C006B6F69B34139601F2AB /* libPods-TestTask.a in Frameworks */ = {isa = PBXBuildFile; fileRef = 3A25A4500265717A4814E43E /* libPods-TestTask.a */; };
		EB273F3E27066D550095319B /* AppDelegate.swift in Sources */ = {isa = PBXBuildFile; fileRef = EB273F3D27066D550095319B /* AppDelegate.swift */; };
		EB273F4027066D550095319B /* SceneDelegate.swift in Sources */ = {isa = PBXBuildFile; fileRef = EB273F3F27066D550095319B /* SceneDelegate.swift */; };
		EB273F4227066D550095319B /* LocationListViewController.swift in Sources */ = {isa = PBXBuildFile; fileRef = EB273F4127066D550095319B /* LocationListViewController.swift */; };
		EB273F4527066D550095319B /* Main.storyboard in Resources */ = {isa = PBXBuildFile; fileRef = EB273F4327066D550095319B /* Main.storyboard */; };
		EB273F4727066D570095319B /* Assets.xcassets in Resources */ = {isa = PBXBuildFile; fileRef = EB273F4627066D570095319B /* Assets.xcassets */; };
		EB273F4A27066D570095319B /* LaunchScreen.storyboard in Resources */ = {isa = PBXBuildFile; fileRef = EB273F4827066D570095319B /* LaunchScreen.storyboard */; };
		EB273F532706723E0095319B /* ParsedObject.swift in Sources */ = {isa = PBXBuildFile; fileRef = EB273F522706723E0095319B /* ParsedObject.swift */; };
		EB38BBF8270895C800D508D1 /* LocationEntityDTO.swift in Sources */ = {isa = PBXBuildFile; fileRef = EB38BBF7270895C800D508D1 /* LocationEntityDTO.swift */; };
		EB9F9BA327075AEF004288A9 /* LocationDatabase.swift in Sources */ = {isa = PBXBuildFile; fileRef = EB9F9BA227075AEF004288A9 /* LocationDatabase.swift */; };
		EB9F9BA627075EE2004288A9 /* SQLiteCommands.swift in Sources */ = {isa = PBXBuildFile; fileRef = EB9F9BA527075EE2004288A9 /* SQLiteCommands.swift */; };
		EBBF42A92709B8EA0006AF36 /* LocationTableViewCell.swift in Sources */ = {isa = PBXBuildFile; fileRef = EBBF42A82709B8EA0006AF36 /* LocationTableViewCell.swift */; };
		EBBF42B12709D0200006AF36 /* RegionViewController.swift in Sources */ = {isa = PBXBuildFile; fileRef = EBBF42B02709D0200006AF36 /* RegionViewController.swift */; };
		EBBF42B32709D0460006AF36 /* RegionTableViewCell.swift in Sources */ = {isa = PBXBuildFile; fileRef = EBBF42B22709D0460006AF36 /* RegionTableViewCell.swift */; };
		EBBF42B52709E5740006AF36 /* CityViewController.swift in Sources */ = {isa = PBXBuildFile; fileRef = EBBF42B42709E5740006AF36 /* CityViewController.swift */; };
		EBBF42B72709E58D0006AF36 /* CityTableViewCell.swift in Sources */ = {isa = PBXBuildFile; fileRef = EBBF42B62709E58D0006AF36 /* CityTableViewCell.swift */; };
		EBBF42B92709FCDC0006AF36 /* EditingViewController.swift in Sources */ = {isa = PBXBuildFile; fileRef = EBBF42B82709FCDC0006AF36 /* EditingViewController.swift */; };
		EBFA8BA22706DA940045E7AB /* APIRequest.swift in Sources */ = {isa = PBXBuildFile; fileRef = EBFA8BA12706DA940045E7AB /* APIRequest.swift */; };
/* End PBXBuildFile section */

/* Begin PBXContainerItemProxy section */
		EBFEAA442707504100FB4598 /* PBXContainerItemProxy */ = {
			isa = PBXContainerItemProxy;
			containerPortal = EBFEAA3A2707504100FB4598 /* SQLite.xcodeproj */;
			proxyType = 2;
			remoteGlobalIDString = EE247AD31C3F04ED00AE3E12;
			remoteInfo = "SQLite iOS";
		};
		EBFEAA462707504100FB4598 /* PBXContainerItemProxy */ = {
			isa = PBXContainerItemProxy;
			containerPortal = EBFEAA3A2707504100FB4598 /* SQLite.xcodeproj */;
			proxyType = 2;
			remoteGlobalIDString = EE247ADD1C3F04ED00AE3E12;
			remoteInfo = "SQLiteTests iOS";
		};
		EBFEAA482707504100FB4598 /* PBXContainerItemProxy */ = {
			isa = PBXContainerItemProxy;
			containerPortal = EBFEAA3A2707504100FB4598 /* SQLite.xcodeproj */;
			proxyType = 2;
			remoteGlobalIDString = EE247B3C1C3F3ED000AE3E12;
			remoteInfo = "SQLite Mac";
		};
		EBFEAA4A2707504100FB4598 /* PBXContainerItemProxy */ = {
			isa = PBXContainerItemProxy;
			containerPortal = EBFEAA3A2707504100FB4598 /* SQLite.xcodeproj */;
			proxyType = 2;
			remoteGlobalIDString = EE247B451C3F3ED000AE3E12;
			remoteInfo = "SQLiteTests Mac";
		};
		EBFEAA4C2707504100FB4598 /* PBXContainerItemProxy */ = {
			isa = PBXContainerItemProxy;
			containerPortal = EBFEAA3A2707504100FB4598 /* SQLite.xcodeproj */;
			proxyType = 2;
			remoteGlobalIDString = 03A65E5A1C6BB0F50062603F;
			remoteInfo = "SQLite tvOS";
		};
		EBFEAA4E2707504100FB4598 /* PBXContainerItemProxy */ = {
			isa = PBXContainerItemProxy;
			containerPortal = EBFEAA3A2707504100FB4598 /* SQLite.xcodeproj */;
			proxyType = 2;
			remoteGlobalIDString = 03A65E631C6BB0F60062603F;
			remoteInfo = "SQLiteTests tvOS";
		};
		EBFEAA502707504100FB4598 /* PBXContainerItemProxy */ = {
			isa = PBXContainerItemProxy;
			containerPortal = EBFEAA3A2707504100FB4598 /* SQLite.xcodeproj */;
			proxyType = 2;
			remoteGlobalIDString = A121AC451CA35C79005A31D1;
			remoteInfo = "SQLite watchOS";
		};
		EBFEAA522707504E00FB4598 /* PBXContainerItemProxy */ = {
			isa = PBXContainerItemProxy;
			containerPortal = EBFEAA3A2707504100FB4598 /* SQLite.xcodeproj */;
			proxyType = 1;
			remoteGlobalIDString = EE247AD21C3F04ED00AE3E12;
			remoteInfo = "SQLite iOS";
		};
/* End PBXContainerItemProxy section */

/* Begin PBXFileReference section */
		3A25A4500265717A4814E43E /* libPods-TestTask.a */ = {isa = PBXFileReference; explicitFileType = archive.ar; includeInIndex = 0; path = "libPods-TestTask.a"; sourceTree = BUILT_PRODUCTS_DIR; };
		97C1DE587BB0EEE79F5A68B1 /* Pods-TestTask.release.xcconfig */ = {isa = PBXFileReference; includeInIndex = 1; lastKnownFileType = text.xcconfig; name = "Pods-TestTask.release.xcconfig"; path = "Target Support Files/Pods-TestTask/Pods-TestTask.release.xcconfig"; sourceTree = "<group>"; };
		DDD569C086B5E33F99C1811B /* Pods-TestTask.debug.xcconfig */ = {isa = PBXFileReference; includeInIndex = 1; lastKnownFileType = text.xcconfig; name = "Pods-TestTask.debug.xcconfig"; path = "Target Support Files/Pods-TestTask/Pods-TestTask.debug.xcconfig"; sourceTree = "<group>"; };
		EB273F3A27066D550095319B /* TestTask.app */ = {isa = PBXFileReference; explicitFileType = wrapper.application; includeInIndex = 0; path = TestTask.app; sourceTree = BUILT_PRODUCTS_DIR; };
		EB273F3D27066D550095319B /* AppDelegate.swift */ = {isa = PBXFileReference; lastKnownFileType = sourcecode.swift; path = AppDelegate.swift; sourceTree = "<group>"; };
		EB273F3F27066D550095319B /* SceneDelegate.swift */ = {isa = PBXFileReference; lastKnownFileType = sourcecode.swift; path = SceneDelegate.swift; sourceTree = "<group>"; };
		EB273F4127066D550095319B /* LocationListViewController.swift */ = {isa = PBXFileReference; lastKnownFileType = sourcecode.swift; path = LocationListViewController.swift; sourceTree = "<group>"; };
		EB273F4427066D550095319B /* Base */ = {isa = PBXFileReference; lastKnownFileType = file.storyboard; name = Base; path = Base.lproj/Main.storyboard; sourceTree = "<group>"; };
		EB273F4627066D570095319B /* Assets.xcassets */ = {isa = PBXFileReference; lastKnownFileType = folder.assetcatalog; path = Assets.xcassets; sourceTree = "<group>"; };
		EB273F4927066D570095319B /* Base */ = {isa = PBXFileReference; lastKnownFileType = file.storyboard; name = Base; path = Base.lproj/LaunchScreen.storyboard; sourceTree = "<group>"; };
		EB273F4B27066D570095319B /* Info.plist */ = {isa = PBXFileReference; lastKnownFileType = text.plist.xml; path = Info.plist; sourceTree = "<group>"; };
		EB273F522706723E0095319B /* ParsedObject.swift */ = {isa = PBXFileReference; lastKnownFileType = sourcecode.swift; path = ParsedObject.swift; sourceTree = "<group>"; };
		EB38BBF7270895C800D508D1 /* LocationEntityDTO.swift */ = {isa = PBXFileReference; lastKnownFileType = sourcecode.swift; path = LocationEntityDTO.swift; sourceTree = "<group>"; };
		EB9F9BA227075AEF004288A9 /* LocationDatabase.swift */ = {isa = PBXFileReference; lastKnownFileType = sourcecode.swift; path = LocationDatabase.swift; sourceTree = "<group>"; };
		EB9F9BA527075EE2004288A9 /* SQLiteCommands.swift */ = {isa = PBXFileReference; lastKnownFileType = sourcecode.swift; path = SQLiteCommands.swift; sourceTree = "<group>"; };
		EBBF42A82709B8EA0006AF36 /* LocationTableViewCell.swift */ = {isa = PBXFileReference; lastKnownFileType = sourcecode.swift; path = LocationTableViewCell.swift; sourceTree = "<group>"; };
		EBBF42B02709D0200006AF36 /* RegionViewController.swift */ = {isa = PBXFileReference; lastKnownFileType = sourcecode.swift; path = RegionViewController.swift; sourceTree = "<group>"; };
		EBBF42B22709D0460006AF36 /* RegionTableViewCell.swift */ = {isa = PBXFileReference; lastKnownFileType = sourcecode.swift; path = RegionTableViewCell.swift; sourceTree = "<group>"; };
		EBBF42B42709E5740006AF36 /* CityViewController.swift */ = {isa = PBXFileReference; lastKnownFileType = sourcecode.swift; path = CityViewController.swift; sourceTree = "<group>"; };
		EBBF42B62709E58D0006AF36 /* CityTableViewCell.swift */ = {isa = PBXFileReference; lastKnownFileType = sourcecode.swift; path = CityTableViewCell.swift; sourceTree = "<group>"; };
		EBBF42B82709FCDC0006AF36 /* EditingViewController.swift */ = {isa = PBXFileReference; lastKnownFileType = sourcecode.swift; path = EditingViewController.swift; sourceTree = "<group>"; };
		EBFA8BA12706DA940045E7AB /* APIRequest.swift */ = {isa = PBXFileReference; lastKnownFileType = sourcecode.swift; path = APIRequest.swift; sourceTree = "<group>"; };
		EBFEAA3A2707504100FB4598 /* SQLite.xcodeproj */ = {isa = PBXFileReference; lastKnownFileType = "wrapper.pb-project"; name = SQLite.xcodeproj; path = "../../../Downloads/SQLite.swift-master/SQLite.xcodeproj"; sourceTree = "<group>"; };
/* End PBXFileReference section */

/* Begin PBXFrameworksBuildPhase section */
		EB273F3727066D550095319B /* Frameworks */ = {
			isa = PBXFrameworksBuildPhase;
			buildActionMask = 2147483647;
			files = (
				C5C006B6F69B34139601F2AB /* libPods-TestTask.a in Frameworks */,
			);
			runOnlyForDeploymentPostprocessing = 0;
		};
/* End PBXFrameworksBuildPhase section */

/* Begin PBXGroup section */
		3D536F6762BD801D15D75A59 /* Frameworks */ = {
			isa = PBXGroup;
			children = (
				EBFEAA3A2707504100FB4598 /* SQLite.xcodeproj */,
				3A25A4500265717A4814E43E /* libPods-TestTask.a */,
			);
			name = Frameworks;
			sourceTree = "<group>";
		};
		AE58D1019A62A6F74E7A097E /* Pods */ = {
			isa = PBXGroup;
			children = (
				DDD569C086B5E33F99C1811B /* Pods-TestTask.debug.xcconfig */,
				97C1DE587BB0EEE79F5A68B1 /* Pods-TestTask.release.xcconfig */,
			);
			path = Pods;
			sourceTree = "<group>";
		};
		EB273F3127066D550095319B = {
			isa = PBXGroup;
			children = (
				EB273F3C27066D550095319B /* TestTask */,
				EB273F3B27066D550095319B /* Products */,
				AE58D1019A62A6F74E7A097E /* Pods */,
				3D536F6762BD801D15D75A59 /* Frameworks */,
			);
			sourceTree = "<group>";
		};
		EB273F3B27066D550095319B /* Products */ = {
			isa = PBXGroup;
			children = (
				EB273F3A27066D550095319B /* TestTask.app */,
			);
			name = Products;
			sourceTree = "<group>";
		};
		EB273F3C27066D550095319B /* TestTask */ = {
			isa = PBXGroup;
			children = (
				EBA1A05D27087705000B64BD /* cells */,
				EB9F9BA427075E90004288A9 /* SQLite scripts */,
				EB9F9BA127075AB0004288A9 /* models */,
				EB9F9BA027075AA0004288A9 /* controllers */,
				EB273F51270672200095319B /* helpers */,
				EB273F3D27066D550095319B /* AppDelegate.swift */,
				EB273F3F27066D550095319B /* SceneDelegate.swift */,
				EB273F4327066D550095319B /* Main.storyboard */,
				EB273F4627066D570095319B /* Assets.xcassets */,
				EB273F4827066D570095319B /* LaunchScreen.storyboard */,
				EB273F4B27066D570095319B /* Info.plist */,
			);
			path = TestTask;
			sourceTree = "<group>";
		};
		EB273F51270672200095319B /* helpers */ = {
			isa = PBXGroup;
			children = (
				EBFA8BA12706DA940045E7AB /* APIRequest.swift */,
				EB9F9BA227075AEF004288A9 /* LocationDatabase.swift */,
			);
			path = helpers;
			sourceTree = "<group>";
		};
		EB9F9BA027075AA0004288A9 /* controllers */ = {
			isa = PBXGroup;
			children = (
				EBBF42B02709D0200006AF36 /* RegionViewController.swift */,
				EB273F4127066D550095319B /* LocationListViewController.swift */,
				EBBF42B42709E5740006AF36 /* CityViewController.swift */,
				EBBF42B82709FCDC0006AF36 /* EditingViewController.swift */,
			);
			path = controllers;
			sourceTree = "<group>";
		};
		EB9F9BA127075AB0004288A9 /* models */ = {
			isa = PBXGroup;
			children = (
				EB273F522706723E0095319B /* ParsedObject.swift */,
				EB38BBF7270895C800D508D1 /* LocationEntityDTO.swift */,
			);
			path = models;
			sourceTree = "<group>";
		};
		EB9F9BA427075E90004288A9 /* SQLite scripts */ = {
			isa = PBXGroup;
			children = (
				EB9F9BA527075EE2004288A9 /* SQLiteCommands.swift */,
			);
			path = "SQLite scripts";
			sourceTree = "<group>";
		};
		EBA1A05D27087705000B64BD /* cells */ = {
			isa = PBXGroup;
			children = (
				EBBF42A82709B8EA0006AF36 /* LocationTableViewCell.swift */,
				EBBF42B22709D0460006AF36 /* RegionTableViewCell.swift */,
				EBBF42B62709E58D0006AF36 /* CityTableViewCell.swift */,
			);
			path = cells;
			sourceTree = "<group>";
		};
		EBFEAA3B2707504100FB4598 /* Products */ = {
			isa = PBXGroup;
			children = (
				EBFEAA452707504100FB4598 /* SQLite.framework */,
				EBFEAA472707504100FB4598 /* SQLiteTests iOS.xctest */,
				EBFEAA492707504100FB4598 /* SQLite.framework */,
				EBFEAA4B2707504100FB4598 /* SQLiteTests Mac.xctest */,
				EBFEAA4D2707504100FB4598 /* SQLite.framework */,
				EBFEAA4F2707504100FB4598 /* SQLiteTests tvOS.xctest */,
				EBFEAA512707504100FB4598 /* SQLite.framework */,
			);
			name = Products;
			sourceTree = "<group>";
		};
/* End PBXGroup section */

/* Begin PBXHeadersBuildPhase section */
		EB1E47BB27074F490011FBF9 /* Headers */ = {
			isa = PBXHeadersBuildPhase;
			buildActionMask = 2147483647;
			files = (
			);
			runOnlyForDeploymentPostprocessing = 0;
		};
/* End PBXHeadersBuildPhase section */

/* Begin PBXNativeTarget section */
		EB273F3927066D550095319B /* TestTask */ = {
			isa = PBXNativeTarget;
			buildConfigurationList = EB273F4E27066D570095319B /* Build configuration list for PBXNativeTarget "TestTask" */;
			buildPhases = (
				472C962C7D9D38D55998B781 /* [CP] Check Pods Manifest.lock */,
				EB1E47BB27074F490011FBF9 /* Headers */,
				EB273F3627066D550095319B /* Sources */,
				EB273F3727066D550095319B /* Frameworks */,
				EB273F3827066D550095319B /* Resources */,
			);
			buildRules = (
			);
			dependencies = (
				EBFEAA532707504E00FB4598 /* PBXTargetDependency */,
			);
			name = TestTask;
			productName = TestTask;
			productReference = EB273F3A27066D550095319B /* TestTask.app */;
			productType = "com.apple.product-type.application";
		};
/* End PBXNativeTarget section */

/* Begin PBXProject section */
		EB273F3227066D550095319B /* Project object */ = {
			isa = PBXProject;
			attributes = {
				KnownAssetTags = (
					New,
				);
				LastSwiftUpdateCheck = 1250;
				LastUpgradeCheck = 1250;
				TargetAttributes = {
					EB273F3927066D550095319B = {
						CreatedOnToolsVersion = 12.5.1;
					};
				};
			};
			buildConfigurationList = EB273F3527066D550095319B /* Build configuration list for PBXProject "TestTask" */;
			compatibilityVersion = "Xcode 9.3";
			developmentRegion = en;
			hasScannedForEncodings = 0;
			knownRegions = (
				en,
				Base,
			);
			mainGroup = EB273F3127066D550095319B;
			productRefGroup = EB273F3B27066D550095319B /* Products */;
			projectDirPath = "";
			projectReferences = (
				{
					ProductGroup = EBFEAA3B2707504100FB4598 /* Products */;
					ProjectRef = EBFEAA3A2707504100FB4598 /* SQLite.xcodeproj */;
				},
			);
			projectRoot = "";
			targets = (
				EB273F3927066D550095319B /* TestTask */,
			);
		};
/* End PBXProject section */

/* Begin PBXReferenceProxy section */
		EBFEAA452707504100FB4598 /* SQLite.framework */ = {
			isa = PBXReferenceProxy;
			fileType = wrapper.framework;
			path = SQLite.framework;
			remoteRef = EBFEAA442707504100FB4598 /* PBXContainerItemProxy */;
			sourceTree = BUILT_PRODUCTS_DIR;
		};
		EBFEAA472707504100FB4598 /* SQLiteTests iOS.xctest */ = {
			isa = PBXReferenceProxy;
			fileType = wrapper.cfbundle;
			path = "SQLiteTests iOS.xctest";
			remoteRef = EBFEAA462707504100FB4598 /* PBXContainerItemProxy */;
			sourceTree = BUILT_PRODUCTS_DIR;
		};
		EBFEAA492707504100FB4598 /* SQLite.framework */ = {
			isa = PBXReferenceProxy;
			fileType = wrapper.framework;
			path = SQLite.framework;
			remoteRef = EBFEAA482707504100FB4598 /* PBXContainerItemProxy */;
			sourceTree = BUILT_PRODUCTS_DIR;
		};
		EBFEAA4B2707504100FB4598 /* SQLiteTests Mac.xctest */ = {
			isa = PBXReferenceProxy;
			fileType = wrapper.cfbundle;
			path = "SQLiteTests Mac.xctest";
			remoteRef = EBFEAA4A2707504100FB4598 /* PBXContainerItemProxy */;
			sourceTree = BUILT_PRODUCTS_DIR;
		};
		EBFEAA4D2707504100FB4598 /* SQLite.framework */ = {
			isa = PBXReferenceProxy;
			fileType = wrapper.framework;
			path = SQLite.framework;
			remoteRef = EBFEAA4C2707504100FB4598 /* PBXContainerItemProxy */;
			sourceTree = BUILT_PRODUCTS_DIR;
		};
		EBFEAA4F2707504100FB4598 /* SQLiteTests tvOS.xctest */ = {
			isa = PBXReferenceProxy;
			fileType = wrapper.cfbundle;
			path = "SQLiteTests tvOS.xctest";
			remoteRef = EBFEAA4E2707504100FB4598 /* PBXContainerItemProxy */;
			sourceTree = BUILT_PRODUCTS_DIR;
		};
		EBFEAA512707504100FB4598 /* SQLite.framework */ = {
			isa = PBXReferenceProxy;
			fileType = wrapper.framework;
			path = SQLite.framework;
			remoteRef = EBFEAA502707504100FB4598 /* PBXContainerItemProxy */;
			sourceTree = BUILT_PRODUCTS_DIR;
		};
/* End PBXReferenceProxy section */

/* Begin PBXResourcesBuildPhase section */
		EB273F3827066D550095319B /* Resources */ = {
			isa = PBXResourcesBuildPhase;
			buildActionMask = 2147483647;
			files = (
				EB273F4A27066D570095319B /* LaunchScreen.storyboard in Resources */,
				EB273F4727066D570095319B /* Assets.xcassets in Resources */,
				EB273F4527066D550095319B /* Main.storyboard in Resources */,
			);
			runOnlyForDeploymentPostprocessing = 0;
		};
/* End PBXResourcesBuildPhase section */

/* Begin PBXShellScriptBuildPhase section */
		472C962C7D9D38D55998B781 /* [CP] Check Pods Manifest.lock */ = {
			isa = PBXShellScriptBuildPhase;
			buildActionMask = 2147483647;
			files = (
			);
			inputFileListPaths = (
			);
			inputPaths = (
				"${PODS_PODFILE_DIR_PATH}/Podfile.lock",
				"${PODS_ROOT}/Manifest.lock",
			);
			name = "[CP] Check Pods Manifest.lock";
			outputFileListPaths = (
			);
			outputPaths = (
				"$(DERIVED_FILE_DIR)/Pods-TestTask-checkManifestLockResult.txt",
			);
			runOnlyForDeploymentPostprocessing = 0;
			shellPath = /bin/sh;
			shellScript = "diff \"${PODS_PODFILE_DIR_PATH}/Podfile.lock\" \"${PODS_ROOT}/Manifest.lock\" > /dev/null\nif [ $? != 0 ] ; then\n    # print error to STDERR\n    echo \"error: The sandbox is not in sync with the Podfile.lock. Run 'pod install' or update your CocoaPods installation.\" >&2\n    exit 1\nfi\n# This output is used by Xcode 'outputs' to avoid re-running this script phase.\necho \"SUCCESS\" > \"${SCRIPT_OUTPUT_FILE_0}\"\n";
			showEnvVarsInLog = 0;
		};
/* End PBXShellScriptBuildPhase section */

/* Begin PBXSourcesBuildPhase section */
		EB273F3627066D550095319B /* Sources */ = {
			isa = PBXSourcesBuildPhase;
			buildActionMask = 2147483647;
			files = (
				EBBF42B12709D0200006AF36 /* RegionViewController.swift in Sources */,
				EB273F532706723E0095319B /* ParsedObject.swift in Sources */,
				EB9F9BA327075AEF004288A9 /* LocationDatabase.swift in Sources */,
				EBBF42B92709FCDC0006AF36 /* EditingViewController.swift in Sources */,
				EB273F4227066D550095319B /* LocationListViewController.swift in Sources */,
				EBBF42A92709B8EA0006AF36 /* LocationTableViewCell.swift in Sources */,
				EB273F3E27066D550095319B /* AppDelegate.swift in Sources */,
				EB38BBF8270895C800D508D1 /* LocationEntityDTO.swift in Sources */,
				EB9F9BA627075EE2004288A9 /* SQLiteCommands.swift in Sources */,
				EBBF42B72709E58D0006AF36 /* CityTableViewCell.swift in Sources */,
				EBFA8BA22706DA940045E7AB /* APIRequest.swift in Sources */,
				EB273F4027066D550095319B /* SceneDelegate.swift in Sources */,
				EBBF42B32709D0460006AF36 /* RegionTableViewCell.swift in Sources */,
				EBBF42B52709E5740006AF36 /* CityViewController.swift in Sources */,
			);
			runOnlyForDeploymentPostprocessing = 0;
		};
/* End PBXSourcesBuildPhase section */

/* Begin PBXTargetDependency section */
		EBFEAA532707504E00FB4598 /* PBXTargetDependency */ = {
			isa = PBXTargetDependency;
			name = "SQLite iOS";
			targetProxy = EBFEAA522707504E00FB4598 /* PBXContainerItemProxy */;
		};
/* End PBXTargetDependency section */

/* Begin PBXVariantGroup section */
		EB273F4327066D550095319B /* Main.storyboard */ = {
			isa = PBXVariantGroup;
			children = (
				EB273F4427066D550095319B /* Base */,
			);
			name = Main.storyboard;
			sourceTree = "<group>";
		};
		EB273F4827066D570095319B /* LaunchScreen.storyboard */ = {
			isa = PBXVariantGroup;
			children = (
				EB273F4927066D570095319B /* Base */,
			);
			name = LaunchScreen.storyboard;
			sourceTree = "<group>";
		};
/* End PBXVariantGroup section */

/* Begin XCBuildConfiguration section */
		EB273F4C27066D570095319B /* Debug */ = {
			isa = XCBuildConfiguration;
			baseConfigurationReference = DDD569C086B5E33F99C1811B /* Pods-TestTask.debug.xcconfig */;
			buildSettings = {
				ALWAYS_SEARCH_USER_PATHS = NO;
				CLANG_ANALYZER_NONNULL = YES;
				CLANG_ANALYZER_NUMBER_OBJECT_CONVERSION = YES_AGGRESSIVE;
				CLANG_CXX_LANGUAGE_STANDARD = "gnu++14";
				CLANG_CXX_LIBRARY = "libc++";
				CLANG_ENABLE_MODULES = YES;
				CLANG_ENABLE_OBJC_ARC = YES;
				CLANG_ENABLE_OBJC_WEAK = YES;
				CLANG_WARN_BLOCK_CAPTURE_AUTORELEASING = YES;
				CLANG_WARN_BOOL_CONVERSION = YES;
				CLANG_WARN_COMMA = YES;
				CLANG_WARN_CONSTANT_CONVERSION = YES;
				CLANG_WARN_DEPRECATED_OBJC_IMPLEMENTATIONS = YES;
				CLANG_WARN_DIRECT_OBJC_ISA_USAGE = YES_ERROR;
				CLANG_WARN_DOCUMENTATION_COMMENTS = YES;
				CLANG_WARN_EMPTY_BODY = YES;
				CLANG_WARN_ENUM_CONVERSION = YES;
				CLANG_WARN_INFINITE_RECURSION = YES;
				CLANG_WARN_INT_CONVERSION = YES;
				CLANG_WARN_NON_LITERAL_NULL_CONVERSION = YES;
				CLANG_WARN_OBJC_IMPLICIT_RETAIN_SELF = YES;
				CLANG_WARN_OBJC_LITERAL_CONVERSION = YES;
				CLANG_WARN_OBJC_ROOT_CLASS = YES_ERROR;
				CLANG_WARN_QUOTED_INCLUDE_IN_FRAMEWORK_HEADER = YES;
				CLANG_WARN_RANGE_LOOP_ANALYSIS = YES;
				CLANG_WARN_STRICT_PROTOTYPES = YES;
				CLANG_WARN_SUSPICIOUS_MOVE = YES;
				CLANG_WARN_UNGUARDED_AVAILABILITY = YES_AGGRESSIVE;
				CLANG_WARN_UNREACHABLE_CODE = YES;
				CLANG_WARN__DUPLICATE_METHOD_MATCH = YES;
				COPY_PHASE_STRIP = NO;
				DEBUG_INFORMATION_FORMAT = dwarf;
				ENABLE_STRICT_OBJC_MSGSEND = YES;
				ENABLE_TESTABILITY = YES;
				GCC_C_LANGUAGE_STANDARD = gnu11;
				GCC_DYNAMIC_NO_PIC = NO;
				GCC_NO_COMMON_BLOCKS = YES;
				GCC_OPTIMIZATION_LEVEL = 0;
				GCC_PREPROCESSOR_DEFINITIONS = (
					"DEBUG=1",
					"$(inherited)",
				);
				GCC_WARN_64_TO_32_BIT_CONVERSION = YES;
				GCC_WARN_ABOUT_RETURN_TYPE = YES_ERROR;
				GCC_WARN_UNDECLARED_SELECTOR = YES;
				GCC_WARN_UNINITIALIZED_AUTOS = YES_AGGRESSIVE;
				GCC_WARN_UNUSED_FUNCTION = YES;
				GCC_WARN_UNUSED_VARIABLE = YES;
				IPHONEOS_DEPLOYMENT_TARGET = 14.5;
				MTL_ENABLE_DEBUG_INFO = INCLUDE_SOURCE;
				MTL_FAST_MATH = YES;
				ONLY_ACTIVE_ARCH = YES;
				SDKROOT = iphoneos;
				SWIFT_ACTIVE_COMPILATION_CONDITIONS = DEBUG;
				SWIFT_OPTIMIZATION_LEVEL = "-Onone";
			};
			name = Debug;
		};
		EB273F4D27066D570095319B /* Release */ = {
			isa = XCBuildConfiguration;
			baseConfigurationReference = 97C1DE587BB0EEE79F5A68B1 /* Pods-TestTask.release.xcconfig */;
			buildSettings = {
				ALWAYS_SEARCH_USER_PATHS = NO;
				CLANG_ANALYZER_NONNULL = YES;
				CLANG_ANALYZER_NUMBER_OBJECT_CONVERSION = YES_AGGRESSIVE;
				CLANG_CXX_LANGUAGE_STANDARD = "gnu++14";
				CLANG_CXX_LIBRARY = "libc++";
				CLANG_ENABLE_MODULES = YES;
				CLANG_ENABLE_OBJC_ARC = YES;
				CLANG_ENABLE_OBJC_WEAK = YES;
				CLANG_WARN_BLOCK_CAPTURE_AUTORELEASING = YES;
				CLANG_WARN_BOOL_CONVERSION = YES;
				CLANG_WARN_COMMA = YES;
				CLANG_WARN_CONSTANT_CONVERSION = YES;
				CLANG_WARN_DEPRECATED_OBJC_IMPLEMENTATIONS = YES;
				CLANG_WARN_DIRECT_OBJC_ISA_USAGE = YES_ERROR;
				CLANG_WARN_DOCUMENTATION_COMMENTS = YES;
				CLANG_WARN_EMPTY_BODY = YES;
				CLANG_WARN_ENUM_CONVERSION = YES;
				CLANG_WARN_INFINITE_RECURSION = YES;
				CLANG_WARN_INT_CONVERSION = YES;
				CLANG_WARN_NON_LITERAL_NULL_CONVERSION = YES;
				CLANG_WARN_OBJC_IMPLICIT_RETAIN_SELF = YES;
				CLANG_WARN_OBJC_LITERAL_CONVERSION = YES;
				CLANG_WARN_OBJC_ROOT_CLASS = YES_ERROR;
				CLANG_WARN_QUOTED_INCLUDE_IN_FRAMEWORK_HEADER = YES;
				CLANG_WARN_RANGE_LOOP_ANALYSIS = YES;
				CLANG_WARN_STRICT_PROTOTYPES = YES;
				CLANG_WARN_SUSPICIOUS_MOVE = YES;
				CLANG_WARN_UNGUARDED_AVAILABILITY = YES_AGGRESSIVE;
				CLANG_WARN_UNREACHABLE_CODE = YES;
				CLANG_WARN__DUPLICATE_METHOD_MATCH = YES;
				COPY_PHASE_STRIP = NO;
				DEBUG_INFORMATION_FORMAT = "dwarf-with-dsym";
				ENABLE_NS_ASSERTIONS = NO;
				ENABLE_STRICT_OBJC_MSGSEND = YES;
				GCC_C_LANGUAGE_STANDARD = gnu11;
				GCC_NO_COMMON_BLOCKS = YES;
				GCC_WARN_64_TO_32_BIT_CONVERSION = YES;
				GCC_WARN_ABOUT_RETURN_TYPE = YES_ERROR;
				GCC_WARN_UNDECLARED_SELECTOR = YES;
				GCC_WARN_UNINITIALIZED_AUTOS = YES_AGGRESSIVE;
				GCC_WARN_UNUSED_FUNCTION = YES;
				GCC_WARN_UNUSED_VARIABLE = YES;
				IPHONEOS_DEPLOYMENT_TARGET = 14.5;
				MTL_ENABLE_DEBUG_INFO = NO;
				MTL_FAST_MATH = YES;
				SDKROOT = iphoneos;
				SWIFT_COMPILATION_MODE = wholemodule;
				SWIFT_OPTIMIZATION_LEVEL = "-O";
				VALIDATE_PRODUCT = YES;
			};
			name = Release;
		};
		EB273F4F27066D570095319B /* Debug */ = {
			isa = XCBuildConfiguration;
			baseConfigurationReference = DDD569C086B5E33F99C1811B /* Pods-TestTask.debug.xcconfig */;
			buildSettings = {
				ASSETCATALOG_COMPILER_APPICON_NAME = AppIcon;
				ASSETCATALOG_COMPILER_GLOBAL_ACCENT_COLOR_NAME = AccentColor;
				CODE_SIGN_STYLE = Automatic;
				DEVELOPMENT_TEAM = 9R54UUJXYS;
				INFOPLIST_FILE = TestTask/Info.plist;
				LD_RUNPATH_SEARCH_PATHS = (
					"$(inherited)",
					"@executable_path/Frameworks",
				);
				PRODUCT_BUNDLE_IDENTIFIER = ITIS.TestTask;
				PRODUCT_NAME = "$(TARGET_NAME)";
				SWIFT_VERSION = 5.0;
				TARGETED_DEVICE_FAMILY = "1,2";
			};
			name = Debug;
		};
		EB273F5027066D570095319B /* Release */ = {
			isa = XCBuildConfiguration;
			baseConfigurationReference = 97C1DE587BB0EEE79F5A68B1 /* Pods-TestTask.release.xcconfig */;
			buildSettings = {
				ASSETCATALOG_COMPILER_APPICON_NAME = AppIcon;
				ASSETCATALOG_COMPILER_GLOBAL_ACCENT_COLOR_NAME = AccentColor;
				CODE_SIGN_STYLE = Automatic;
				DEVELOPMENT_TEAM = 9R54UUJXYS;
				INFOPLIST_FILE = TestTask/Info.plist;
				LD_RUNPATH_SEARCH_PATHS = (
					"$(inherited)",
					"@executable_path/Frameworks",
				);
				PRODUCT_BUNDLE_IDENTIFIER = ITIS.TestTask;
				PRODUCT_NAME = "$(TARGET_NAME)";
				SWIFT_VERSION = 5.0;
				TARGETED_DEVICE_FAMILY = "1,2";
			};
			name = Release;
		};
/* End XCBuildConfiguration section */

/* Begin XCConfigurationList section */
		EB273F3527066D550095319B /* Build configuration list for PBXProject "TestTask" */ = {
			isa = XCConfigurationList;
			buildConfigurations = (
				EB273F4C27066D570095319B /* Debug */,
				EB273F4D27066D570095319B /* Release */,
			);
			defaultConfigurationIsVisible = 0;
			defaultConfigurationName = Release;
		};
		EB273F4E27066D570095319B /* Build configuration list for PBXNativeTarget "TestTask" */ = {
			isa = XCConfigurationList;
			buildConfigurations = (
				EB273F4F27066D570095319B /* Debug */,
				EB273F5027066D570095319B /* Release */,
			);
			defaultConfigurationIsVisible = 0;
			defaultConfigurationName = Release;
		};
/* End XCConfigurationList section */
	};
	rootObject = EB273F3227066D550095319B /* Project object */;
}
